
Microsoft Visual Studio Solution File, Format Version 12.00
# Visual Studio 2012
Project("{FAE04EC0-301F-11D3-BF4B-00C04F79EFBC}") = "AzureSQLRestApi", "AzureSQLRestApi\AzureSQLRestApi.csproj", "{66A90CC4-1DC9-4C9F-A6C4-28B4C5722EFE}"
EndProject
Global
	GlobalSection(SolutionConfigurationPlatforms) = preSolution
		Debug|Any CPU = Debug|Any CPU
		Release|Any CPU = Release|Any CPU
	EndGlobalSection
	GlobalSection(ProjectConfigurationPlatforms) = postSolution
		{66A90CC4-1DC9-4C9F-A6C4-28B4C5722EFE}.Debug|Any CPU.ActiveCfg = Debug|Any CPU
		{66A90CC4-1DC9-4C9F-A6C4-28B4C5722EFE}.Debug|Any CPU.Build.0 = Debug|Any CPU
		{66A90CC4-1DC9-4C9F-A6C4-28B4C5722EFE}.Release|Any CPU.ActiveCfg = Release|Any CPU
		{66A90CC4-1DC9-4C9F-A6C4-28B4C5722EFE}.Release|Any CPU.Build.0 = Release|Any CPU
	EndGlobalSection
	GlobalSection(SolutionProperties) = preSolution
		HideSolutionNode = FALSE
	EndGlobalSection
EndGlobal
